
Microsoft Visual Studio Solution File, Format Version 12.00
# Visual Studio Version 16
VisualStudioVersion = 16.0.31112.23
MinimumVisualStudioVersion = 10.0.40219.1
Project("{FAE04EC0-301F-11D3-BF4B-00C04F79EFBC}") = "DataRandom", "DataRandom.csproj", "{0F3E67EB-C101-42CB-8A68-75E95BC3BE19}"
EndProject
Global
	GlobalSection(SolutionConfigurationPlatforms) = preSolution
		Debug|Any CPU = Debug|Any CPU
		Release|Any CPU = Release|Any CPU
	EndGlobalSection
	GlobalSection(ProjectConfigurationPlatforms) = postSolution
		{0F3E67EB-C101-42CB-8A68-75E95BC3BE19}.Debug|Any CPU.ActiveCfg = Debug|Any CPU
		{0F3E67EB-C101-42CB-8A68-75E95BC3BE19}.Debug|Any CPU.Build.0 = Debug|Any CPU
		{0F3E67EB-C101-42CB-8A68-75E95BC3BE19}.Release|Any CPU.ActiveCfg = Release|Any CPU
		{0F3E67EB-C101-42CB-8A68-75E95BC3BE19}.Release|Any CPU.Build.0 = Release|Any CPU
	EndGlobalSection
	GlobalSection(SolutionProperties) = preSolution
		HideSolutionNode = FALSE
	EndGlobalSection
	GlobalSection(ExtensibilityGlobals) = postSolution
		SolutionGuid = {D328C76D-C553-4726-8C79-E734EFD903A6}
	EndGlobalSection
EndGlobal
